
Microsoft Visual Studio Solution File, Format Version 12.00
# Visual Studio 15
VisualStudioVersion = 15.0.28307.168
MinimumVisualStudioVersion = 10.0.40219.1
Project("{FAE04EC0-301F-11D3-BF4B-00C04F79EFBC}") = "Tracker", "Tracker\Tracker.csproj", "{215A5899-6674-4EB1-A57C-21309B01CB31}"
EndProject
Global
	GlobalSection(SolutionConfigurationPlatforms) = preSolution
		Debug|Any CPU = Debug|Any CPU
		Release|Any CPU = Release|Any CPU
	EndGlobalSection
	GlobalSection(ProjectConfigurationPlatforms) = postSolution
		{215A5899-6674-4EB1-A57C-21309B01CB31}.Debug|Any CPU.ActiveCfg = Debug|Any CPU
		{215A5899-6674-4EB1-A57C-21309B01CB31}.Debug|Any CPU.Build.0 = Debug|Any CPU
		{215A5899-6674-4EB1-A57C-21309B01CB31}.Release|Any CPU.ActiveCfg = Release|Any CPU
		{215A5899-6674-4EB1-A57C-21309B01CB31}.Release|Any CPU.Build.0 = Release|Any CPU
	EndGlobalSection
	GlobalSection(SolutionProperties) = preSolution
		HideSolutionNode = FALSE
	EndGlobalSection
	GlobalSection(ExtensibilityGlobals) = postSolution
		SolutionGuid = {21FB06C5-F227-4FA1-AF6E-596D6483F040}
	EndGlobalSection
EndGlobal
